PODS:
  - DoradaCore (0.1.0)
  - DRHelpAndSupportViewController (0.1.0):
    - DoradaCore (~> 0.1.0)
    - ZipArchive (~> 1.3.0)
  - ZipArchive (1.3.0)

DEPENDENCIES:
  - DRHelpAndSupportViewController (from `../`)

EXTERNAL SOURCES:
  DRHelpAndSupportViewController:
    :path: "../"

SPEC CHECKSUMS:
  DoradaCore: d3e7dd30657044e323718639420e76897df19e15
  DRHelpAndSupportViewController: 24dc6aeded21ee394f9560f537c4808d8dea7bfb
  ZipArchive: c8bd32d0b8f1ada4ac967b72ceca8130d680adc5

PODFILE CHECKSUM: b73c02781246752217b3e2816c4c1654d523e743

COCOAPODS: 1.0.1
